
Microsoft Visual Studio Solution File, Format Version 12.00
# Visual Studio Version 16
VisualStudioVersion = 16.0.32901.82
MinimumVisualStudioVersion = 10.0.40219.1
Project("{FAE04EC0-301F-11D3-BF4B-00C04F79EFBC}") = "TSPLibrary", "TSPLibrary\TSPLibrary.csproj", "{1AB45546-CB29-4134-B237-A2AF6D667516}"
EndProject
Global
	GlobalSection(SolutionConfigurationPlatforms) = preSolution
		Debug|Any CPU = Debug|Any CPU
		Release|Any CPU = Release|Any CPU
	EndGlobalSection
	GlobalSection(ProjectConfigurationPlatforms) = postSolution
		{1AB45546-CB29-4134-B237-A2AF6D667516}.Debug|Any CPU.ActiveCfg = Debug|Any CPU
		{1AB45546-CB29-4134-B237-A2AF6D667516}.Debug|Any CPU.Build.0 = Debug|Any CPU
		{1AB45546-CB29-4134-B237-A2AF6D667516}.Release|Any CPU.ActiveCfg = Release|Any CPU
		{1AB45546-CB29-4134-B237-A2AF6D667516}.Release|Any CPU.Build.0 = Release|Any CPU
	EndGlobalSection
	GlobalSection(SolutionProperties) = preSolution
		HideSolutionNode = FALSE
	EndGlobalSection
	GlobalSection(ExtensibilityGlobals) = postSolution
		SolutionGuid = {61AE680A-2878-4C9A-A98D-D7948B0963A0}
	EndGlobalSection
EndGlobal
