
Microsoft Visual Studio Solution File, Format Version 12.00
# Visual Studio Version 16
VisualStudioVersion = 16.0.32901.82
MinimumVisualStudioVersion = 10.0.40219.1
Project("{9A19103F-16F7-4668-BE54-9A1E7A4F7556}") = "TSPLibrary", "TSPLibrary\TSPLibrary.csproj", "{1AB45546-CB29-4134-B237-A2AF6D667516}"
EndProject
Project("{2150E333-8FDC-42A3-9474-1A3956D46DE8}") = "Solution Items", "Solution Items", "{AB890C98-4414-42A8-B9DD-EBAED0EBDE7B}"
EndProject
Global
	GlobalSection(SolutionConfigurationPlatforms) = preSolution
		Debug|Any CPU = Debug|Any CPU
		Release|Any CPU = Release|Any CPU
	EndGlobalSection
	GlobalSection(ProjectConfigurationPlatforms) = postSolution
		{1AB45546-CB29-4134-B237-A2AF6D667516}.Debug|Any CPU.ActiveCfg = Debug|Any CPU
		{1AB45546-CB29-4134-B237-A2AF6D667516}.Debug|Any CPU.Build.0 = Debug|Any CPU
		{1AB45546-CB29-4134-B237-A2AF6D667516}.Release|Any CPU.ActiveCfg = Release|Any CPU
		{1AB45546-CB29-4134-B237-A2AF6D667516}.Release|Any CPU.Build.0 = Release|Any CPU
	EndGlobalSection
	GlobalSection(SolutionProperties) = preSolution
		HideSolutionNode = FALSE
	EndGlobalSection
	GlobalSection(ExtensibilityGlobals) = postSolution
		SolutionGuid = {61AE680A-2878-4C9A-A98D-D7948B0963A0}
	EndGlobalSection
EndGlobal
